{
  "originHash" : "e552e6289f39bb6d56242374236e8e45c5ecb2253ad16daa11803a794310ff04",
  "pins" : [
    {
      "identity" : "corecrypto-spm",
      "kind" : "remoteSourceControl",
      "location" : "https://github.com/stossy11/CoreCrypto-SPM",
      "state" : {
        "branch" : "master",
        "revision" : "32afe5672e5a1bb8cdaf8d46f6558af91c9dc197"
      }
    },
    {
      "identity" : "keychainaccess",
      "kind" : "remoteSourceControl",
      "location" : "https://github.com/kishikawakatsumi/KeychainAccess",
      "state" : {
        "branch" : "master",
        "revision" : "e0c7eebc5a4465a3c4680764f26b7a61f567cdaf"
      }
    },
    {
      "identity" : "starscream",
      "kind" : "remoteSourceControl",
      "location" : "https://github.com/daltoniam/Starscream",
      "state" : {
        "revision" : "c6bfd1af48efcc9a9ad203665db12375ba6b145a",
        "version" : "4.0.8"
      }
    },
    {
      "identity" : "stossign",
      "kind" : "remoteSourceControl",
      "location" : "https://github.com/stossy11/StosSign.git",
      "state" : {
        "revision" : "70a80bdd2b570020e917ec4a6fb79a8cf4ba1100"
      }
    },
    {
      "identity" : "zsign-ios",
      "kind" : "remoteSourceControl",
      "location" : "https://github.com/zwsn/zsign-ios.git",
      "state" : {
        "branch" : "main",
        "revision" : "a7f275fb4830ea48adf536fcddee7d05471970d0"
      }
    }
  ],
  "version" : 3
}
